
Microsoft Visual Studio Solution File, Format Version 12.00
# Visual Studio 15
VisualStudioVersion = 15.0.26430.6
MinimumVisualStudioVersion = 10.0.40219.1
Project("{FAE04EC0-301F-11D3-BF4B-00C04F79EFBC}") = "Orleans.Providers.RabbitMQ", "Orleans.Providers.RabbitMQ\Orleans.Providers.RabbitMQ.csproj", "{76B644E6-4D44-41CD-9F3E-7C63394857D9}"
EndProject
Project("{FAE04EC0-301F-11D3-BF4B-00C04F79EFBC}") = "Orleans.Providers.RabbitMQ.Tests.Host", "Orleans.Providers.RabbitMQ.Tests.Host\Orleans.Providers.RabbitMQ.Tests.Host.csproj", "{89A91B01-EC6F-4F6A-A7C1-ADAD6C494D16}"
EndProject
Global
	GlobalSection(SolutionConfigurationPlatforms) = preSolution
		Debug|Any CPU = Debug|Any CPU
		Release|Any CPU = Release|Any CPU
	EndGlobalSection
	GlobalSection(ProjectConfigurationPlatforms) = postSolution
		{76B644E6-4D44-41CD-9F3E-7C63394857D9}.Debug|Any CPU.ActiveCfg = Debug|Any CPU
		{76B644E6-4D44-41CD-9F3E-7C63394857D9}.Debug|Any CPU.Build.0 = Debug|Any CPU
		{76B644E6-4D44-41CD-9F3E-7C63394857D9}.Release|Any CPU.ActiveCfg = Release|Any CPU
		{76B644E6-4D44-41CD-9F3E-7C63394857D9}.Release|Any CPU.Build.0 = Release|Any CPU
		{89A91B01-EC6F-4F6A-A7C1-ADAD6C494D16}.Debug|Any CPU.ActiveCfg = Debug|Any CPU
		{89A91B01-EC6F-4F6A-A7C1-ADAD6C494D16}.Debug|Any CPU.Build.0 = Debug|Any CPU
		{89A91B01-EC6F-4F6A-A7C1-ADAD6C494D16}.Release|Any CPU.ActiveCfg = Release|Any CPU
		{89A91B01-EC6F-4F6A-A7C1-ADAD6C494D16}.Release|Any CPU.Build.0 = Release|Any CPU
	EndGlobalSection
	GlobalSection(SolutionProperties) = preSolution
		HideSolutionNode = FALSE
	EndGlobalSection
EndGlobal
